
Microsoft Visual Studio Solution File, Format Version 12.00
# Visual Studio Version 16
VisualStudioVersion = 16.0.30225.117
MinimumVisualStudioVersion = 10.0.40219.1
Project("{FAE04EC0-301F-11D3-BF4B-00C04F79EFBC}") = "BoxOfCoins", "BoxOfCoins\BoxOfCoins.csproj", "{B0059292-3FCD-4944-81EA-D68D7BD2ED4F}"
EndProject
Global
	GlobalSection(SolutionConfigurationPlatforms) = preSolution
		Debug|Any CPU = Debug|Any CPU
		Release|Any CPU = Release|Any CPU
	EndGlobalSection
	GlobalSection(ProjectConfigurationPlatforms) = postSolution
		{B0059292-3FCD-4944-81EA-D68D7BD2ED4F}.Debug|Any CPU.ActiveCfg = Debug|Any CPU
		{B0059292-3FCD-4944-81EA-D68D7BD2ED4F}.Debug|Any CPU.Build.0 = Debug|Any CPU
		{B0059292-3FCD-4944-81EA-D68D7BD2ED4F}.Release|Any CPU.ActiveCfg = Release|Any CPU
		{B0059292-3FCD-4944-81EA-D68D7BD2ED4F}.Release|Any CPU.Build.0 = Release|Any CPU
	EndGlobalSection
	GlobalSection(SolutionProperties) = preSolution
		HideSolutionNode = FALSE
	EndGlobalSection
	GlobalSection(ExtensibilityGlobals) = postSolution
		SolutionGuid = {941F7620-E420-423E-A78C-92E55EB5E89E}
	EndGlobalSection
EndGlobal
