
Microsoft Visual Studio Solution File, Format Version 12.00
# Visual Studio 15
Project("{FAE04EC0-301F-11D3-BF4B-00C04F79EFBC}") = "IterationAndSearch", "IterationAndSearch\IterationAndSearch.csproj", "{4D8CB8CD-2BB6-4F22-A277-3FC46826CE54}"
EndProject
Global
	GlobalSection(SolutionConfigurationPlatforms) = preSolution
		Debug|Any CPU = Debug|Any CPU
		Release|Any CPU = Release|Any CPU
	EndGlobalSection
	GlobalSection(ProjectConfigurationPlatforms) = postSolution
		{4D8CB8CD-2BB6-4F22-A277-3FC46826CE54}.Debug|Any CPU.ActiveCfg = Debug|Any CPU
		{4D8CB8CD-2BB6-4F22-A277-3FC46826CE54}.Debug|Any CPU.Build.0 = Debug|Any CPU
		{4D8CB8CD-2BB6-4F22-A277-3FC46826CE54}.Release|Any CPU.ActiveCfg = Release|Any CPU
		{4D8CB8CD-2BB6-4F22-A277-3FC46826CE54}.Release|Any CPU.Build.0 = Release|Any CPU
	EndGlobalSection
EndGlobal
